
Microsoft Visual Studio Solution File, Format Version 12.00
# Visual Studio Version 17
VisualStudioVersion = 17.14.36109.1 d17.14
MinimumVisualStudioVersion = 10.0.40219.1
Project("{8BC9CEB8-8B4A-11D0-8D11-00A0C91BC942}") = "Queue Array", "Queue Array.vcxproj", "{43BA2240-7084-4C2D-A5A3-C9A3ED03035C}"
EndProject
Global
	GlobalSection(SolutionConfigurationPlatforms) = preSolution
		Debug|x64 = Debug|x64
		Debug|x86 = Debug|x86
		Release|x64 = Release|x64
		Release|x86 = Release|x86
	EndGlobalSection
	GlobalSection(ProjectConfigurationPlatforms) = postSolution
		{43BA2240-7084-4C2D-A5A3-C9A3ED03035C}.Debug|x64.ActiveCfg = Debug|x64
		{43BA2240-7084-4C2D-A5A3-C9A3ED03035C}.Debug|x64.Build.0 = Debug|x64
		{43BA2240-7084-4C2D-A5A3-C9A3ED03035C}.Debug|x86.ActiveCfg = Debug|Win32
		{43BA2240-7084-4C2D-A5A3-C9A3ED03035C}.Debug|x86.Build.0 = Debug|Win32
		{43BA2240-7084-4C2D-A5A3-C9A3ED03035C}.Release|x64.ActiveCfg = Release|x64
		{43BA2240-7084-4C2D-A5A3-C9A3ED03035C}.Release|x64.Build.0 = Release|x64
		{43BA2240-7084-4C2D-A5A3-C9A3ED03035C}.Release|x86.ActiveCfg = Release|Win32
		{43BA2240-7084-4C2D-A5A3-C9A3ED03035C}.Release|x86.Build.0 = Release|Win32
	EndGlobalSection
	GlobalSection(SolutionProperties) = preSolution
		HideSolutionNode = FALSE
	EndGlobalSection
	GlobalSection(ExtensibilityGlobals) = postSolution
		SolutionGuid = {C0AAD342-FCB8-4F5D-9078-D68DA25BEBB0}
	EndGlobalSection
EndGlobal
